
Microsoft Visual Studio Solution File, Format Version 12.00
# Visual Studio Version 17
VisualStudioVersion = 17.2.32526.322
MinimumVisualStudioVersion = 10.0.40219.1
Project("{FAE04EC0-301F-11D3-BF4B-00C04F79EFBC}") = "VideoRentDemoApp", "VideoRentDemoApp\VideoRentDemoApp.csproj", "{5977E002-61D9-47AE-A98D-0128FB2BE68B}"
EndProject
Global
	GlobalSection(SolutionConfigurationPlatforms) = preSolution
		Debug|Any CPU = Debug|Any CPU
		Release|Any CPU = Release|Any CPU
	EndGlobalSection
	GlobalSection(ProjectConfigurationPlatforms) = postSolution
		{5977E002-61D9-47AE-A98D-0128FB2BE68B}.Debug|Any CPU.ActiveCfg = Debug|Any CPU
		{5977E002-61D9-47AE-A98D-0128FB2BE68B}.Debug|Any CPU.Build.0 = Debug|Any CPU
		{5977E002-61D9-47AE-A98D-0128FB2BE68B}.Release|Any CPU.ActiveCfg = Release|Any CPU
		{5977E002-61D9-47AE-A98D-0128FB2BE68B}.Release|Any CPU.Build.0 = Release|Any CPU
	EndGlobalSection
	GlobalSection(SolutionProperties) = preSolution
		HideSolutionNode = FALSE
	EndGlobalSection
	GlobalSection(ExtensibilityGlobals) = postSolution
		SolutionGuid = {904A926D-3675-4AAD-9C58-8DD5329CD74D}
	EndGlobalSection
EndGlobal
